
Microsoft Visual Studio Solution File, Format Version 11.00
# Visual Studio 2010
Project("{F184B08F-C81C-45F6-A57F-5ABD9991F28F}") = "SasTaskPropertyViewerVB", "SasTaskPropertyViewerVB.vbproj", "{C8DCD9C1-FA34-4CE9-82B1-F98499271ED6}"
EndProject
Global
	GlobalSection(SolutionConfigurationPlatforms) = preSolution
		Debug|Any CPU = Debug|Any CPU
		Release|Any CPU = Release|Any CPU
	EndGlobalSection
	GlobalSection(ProjectConfigurationPlatforms) = postSolution
		{C8DCD9C1-FA34-4CE9-82B1-F98499271ED6}.Debug|Any CPU.ActiveCfg = Debug|Any CPU
		{C8DCD9C1-FA34-4CE9-82B1-F98499271ED6}.Debug|Any CPU.Build.0 = Debug|Any CPU
		{C8DCD9C1-FA34-4CE9-82B1-F98499271ED6}.Release|Any CPU.ActiveCfg = Release|Any CPU
		{C8DCD9C1-FA34-4CE9-82B1-F98499271ED6}.Release|Any CPU.Build.0 = Release|Any CPU
	EndGlobalSection
	GlobalSection(SolutionProperties) = preSolution
		HideSolutionNode = FALSE
	EndGlobalSection
EndGlobal
